
Microsoft Visual Studio Solution File, Format Version 12.00
# Visual Studio 15
Project("{FAE04EC0-301F-11D3-BF4B-00C04F79EFBC}") = "Assembly-CSharp", "Assembly-CSharp.csproj", "{B2BF4B50-6FA8-DA3F-C33D-3D818BBE87E4}"
EndProject
Global
	GlobalSection(SolutionConfigurationPlatforms) = preSolution
		Debug|Any CPU = Debug|Any CPU
		Release|Any CPU = Release|Any CPU
	EndGlobalSection
	GlobalSection(ProjectConfigurationPlatforms) = postSolution
		{B2BF4B50-6FA8-DA3F-C33D-3D818BBE87E4}.Debug|Any CPU.ActiveCfg = Debug|Any CPU
		{B2BF4B50-6FA8-DA3F-C33D-3D818BBE87E4}.Debug|Any CPU.Build.0 = Debug|Any CPU
		{B2BF4B50-6FA8-DA3F-C33D-3D818BBE87E4}.Release|Any CPU.ActiveCfg = Release|Any CPU
		{B2BF4B50-6FA8-DA3F-C33D-3D818BBE87E4}.Release|Any CPU.Build.0 = Release|Any CPU
	EndGlobalSection
	GlobalSection(SolutionProperties) = preSolution
		HideSolutionNode = FALSE
	EndGlobalSection
EndGlobal
